
Microsoft Visual Studio Solution File, Format Version 12.00
# Visual Studio 15
VisualStudioVersion = 15.0.27130.2036
MinimumVisualStudioVersion = 10.0.40219.1
Project("{FAE04EC0-301F-11D3-BF4B-00C04F79EFBC}") = "Messenger", "Messenger\Messenger.csproj", "{00113023-1004-4000-BF1B-5CE00F36BE1C}"
EndProject
Project("{FAE04EC0-301F-11D3-BF4B-00C04F79EFBC}") = "Messenger.Domain", "Messenger.Domain\Messenger.Domain.csproj", "{2ABE9858-5A38-4696-AD1D-46472F57BE2B}"
EndProject
Global
	GlobalSection(SolutionConfigurationPlatforms) = preSolution
		Debug|Any CPU = Debug|Any CPU
		Release|Any CPU = Release|Any CPU
	EndGlobalSection
	GlobalSection(ProjectConfigurationPlatforms) = postSolution
		{00113023-1004-4000-BF1B-5CE00F36BE1C}.Debug|Any CPU.ActiveCfg = Debug|Any CPU
		{00113023-1004-4000-BF1B-5CE00F36BE1C}.Debug|Any CPU.Build.0 = Debug|Any CPU
		{00113023-1004-4000-BF1B-5CE00F36BE1C}.Release|Any CPU.ActiveCfg = Release|Any CPU
		{00113023-1004-4000-BF1B-5CE00F36BE1C}.Release|Any CPU.Build.0 = Release|Any CPU
		{2ABE9858-5A38-4696-AD1D-46472F57BE2B}.Debug|Any CPU.ActiveCfg = Debug|Any CPU
		{2ABE9858-5A38-4696-AD1D-46472F57BE2B}.Debug|Any CPU.Build.0 = Debug|Any CPU
		{2ABE9858-5A38-4696-AD1D-46472F57BE2B}.Release|Any CPU.ActiveCfg = Release|Any CPU
		{2ABE9858-5A38-4696-AD1D-46472F57BE2B}.Release|Any CPU.Build.0 = Release|Any CPU
	EndGlobalSection
	GlobalSection(SolutionProperties) = preSolution
		HideSolutionNode = FALSE
	EndGlobalSection
	GlobalSection(ExtensibilityGlobals) = postSolution
		SolutionGuid = {5D94D151-40D1-4860-BB73-C3308EA9F585}
	EndGlobalSection
EndGlobal
